// !$*UTF8*$!
{
	archiveVersion = 1;
	classes = {
	};
	objectVersion = 56;
	objects = {

/* Begin PBXBuildFile section */
		5C8765A12A97967400AFC6A4 /* newGrubApp.swift in Sources */ = {isa = PBXBuildFile; fileRef = 5C8765A02A97967400AFC6A4 /* newGrubApp.swift */; };
		5C8765A32A97967400AFC6A4 /* ContentView.swift in Sources */ = {isa = PBXBuildFile; fileRef = 5C8765A22A97967400AFC6A4 /* ContentView.swift */; };
		5C8765A52A97967600AFC6A4 /* Assets.xcassets in Resources */ = {isa = PBXBuildFile; fileRef = 5C8765A42A97967600AFC6A4 /* Assets.xcassets */; };
		5C8765A82A97967600AFC6A4 /* Preview Assets.xcassets in Resources */ = {isa = PBXBuildFile; fileRef = 5C8765A72A97967600AFC6A4 /* Preview Assets.xcassets */; };
		5C8765B22A97967700AFC6A4 /* newGrubTests.swift in Sources */ = {isa = PBXBuildFile; fileRef = 5C8765B12A97967700AFC6A4 /* newGrubTests.swift */; };
		5C8765BC2A97967700AFC6A4 /* newGrubUITests.swift in Sources */ = {isa = PBXBuildFile; fileRef = 5C8765BB2A97967700AFC6A4 /* newGrubUITests.swift */; };
		5C8765BE2A97967700AFC6A4 /* newGrubUITestsLaunchTests.swift in Sources */ = {isa = PBXBuildFile; fileRef = 5C8765BD2A97967700AFC6A4 /* newGrubUITestsLaunchTests.swift */; };
		5C8765CB2A97971200AFC6A4 /* JSONmanager.swift in Sources */ = {isa = PBXBuildFile; fileRef = 5C8765CA2A97971200AFC6A4 /* JSONmanager.swift */; };
		5C8765CF2A97973700AFC6A4 /* restaurants.json in Resources */ = {isa = PBXBuildFile; fileRef = 5C8765CC2A97973700AFC6A4 /* restaurants.json */; };
		5C8765D12A97973700AFC6A4 /* menu_items.json in Resources */ = {isa = PBXBuildFile; fileRef = 5C8765CE2A97973700AFC6A4 /* menu_items.json */; };
/* End PBXBuildFile section */

/* Begin PBXContainerItemProxy section */
		5C8765AE2A97967700AFC6A4 /* PBXContainerItemProxy */ = {
			isa = PBXContainerItemProxy;
			containerPortal = 5C8765952A97967400AFC6A4 /* Project object */;
			proxyType = 1;
			remoteGlobalIDString = 5C87659C2A97967400AFC6A4;
			remoteInfo = newGrub;
		};
		5C8765B82A97967700AFC6A4 /* PBXContainerItemProxy */ = {
			isa = PBXContainerItemProxy;
			containerPortal = 5C8765952A97967400AFC6A4 /* Project object */;
			proxyType = 1;
			remoteGlobalIDString = 5C87659C2A97967400AFC6A4;
			remoteInfo = newGrub;
		};
/* End PBXContainerItemProxy section */

/* Begin PBXFileReference section */
		5C87659D2A97967400AFC6A4 /* newGrub.app */ = {isa = PBXFileReference; explicitFileType = wrapper.application; includeInIndex = 0; path = newGrub.app; sourceTree = BUILT_PRODUCTS_DIR; };
		5C8765A02A97967400AFC6A4 /* newGrubApp.swift */ = {isa = PBXFileReference; lastKnownFileType = sourcecode.swift; path = newGrubApp.swift; sourceTree = "<group>"; };
		5C8765A22A97967400AFC6A4 /* ContentView.swift */ = {isa = PBXFileReference; lastKnownFileType = sourcecode.swift; path = ContentView.swift; sourceTree = "<group>"; };
		5C8765A42A97967600AFC6A4 /* Assets.xcassets */ = {isa = PBXFileReference; lastKnownFileType = folder.assetcatalog; path = Assets.xcassets; sourceTree = "<group>"; };
		5C8765A72A97967600AFC6A4 /* Preview Assets.xcassets */ = {isa = PBXFileReference; lastKnownFileType = folder.assetcatalog; path = "Preview Assets.xcassets"; sourceTree = "<group>"; };
		5C8765AD2A97967700AFC6A4 /* newGrubTests.xctest */ = {isa = PBXFileReference; explicitFileType = wrapper.cfbundle; includeInIndex = 0; path = newGrubTests.xctest; sourceTree = BUILT_PRODUCTS_DIR; };
		5C8765B12A97967700AFC6A4 /* newGrubTests.swift */ = {isa = PBXFileReference; lastKnownFileType = sourcecode.swift; path = newGrubTests.swift; sourceTree = "<group>"; };
		5C8765B72A97967700AFC6A4 /* newGrubUITests.xctest */ = {isa = PBXFileReference; explicitFileType = wrapper.cfbundle; includeInIndex = 0; path = newGrubUITests.xctest; sourceTree = BUILT_PRODUCTS_DIR; };
		5C8765BB2A97967700AFC6A4 /* newGrubUITests.swift */ = {isa = PBXFileReference; lastKnownFileType = sourcecode.swift; path = newGrubUITests.swift; sourceTree = "<group>"; };
		5C8765BD2A97967700AFC6A4 /* newGrubUITestsLaunchTests.swift */ = {isa = PBXFileReference; lastKnownFileType = sourcecode.swift; path = newGrubUITestsLaunchTests.swift; sourceTree = "<group>"; };
		5C8765CA2A97971200AFC6A4 /* JSONmanager.swift */ = {isa = PBXFileReference; fileEncoding = 4; lastKnownFileType = sourcecode.swift; path = JSONmanager.swift; sourceTree = "<group>"; };
		5C8765CC2A97973700AFC6A4 /* restaurants.json */ = {isa = PBXFileReference; fileEncoding = 4; lastKnownFileType = text.json; path = restaurants.json; sourceTree = "<group>"; };
		5C8765CE2A97973700AFC6A4 /* menu_items.json */ = {isa = PBXFileReference; fileEncoding = 4; lastKnownFileType = text.json; path = menu_items.json; sourceTree = "<group>"; };
/* End PBXFileReference section */

/* Begin PBXFrameworksBuildPhase section */
		5C87659A2A97967400AFC6A4 /* Frameworks */ = {
			isa = PBXFrameworksBuildPhase;
			buildActionMask = 2147483647;
			files = (
			);
			runOnlyForDeploymentPostprocessing = 0;
		};
		5C8765AA2A97967700AFC6A4 /* Frameworks */ = {
			isa = PBXFrameworksBuildPhase;
			buildActionMask = 2147483647;
			files = (
			);
			runOnlyForDeploymentPostprocessing = 0;
		};
		5C8765B42A97967700AFC6A4 /* Frameworks */ = {
			isa = PBXFrameworksBuildPhase;
			buildActionMask = 2147483647;
			files = (
			);
			runOnlyForDeploymentPostprocessing = 0;
		};
/* End PBXFrameworksBuildPhase section */

/* Begin PBXGroup section */
		5C8765942A97967400AFC6A4 = {
			isa = PBXGroup;
			children = (
				5C87659F2A97967400AFC6A4 /* newGrub */,
				5C8765B02A97967700AFC6A4 /* newGrubTests */,
				5C8765BA2A97967700AFC6A4 /* newGrubUITests */,
				5C87659E2A97967400AFC6A4 /* Products */,
			);
			sourceTree = "<group>";
		};
		5C87659E2A97967400AFC6A4 /* Products */ = {
			isa = PBXGroup;
			children = (
				5C87659D2A97967400AFC6A4 /* newGrub.app */,
				5C8765AD2A97967700AFC6A4 /* newGrubTests.xctest */,
				5C8765B72A97967700AFC6A4 /* newGrubUITests.xctest */,
			);
			name = Products;
			sourceTree = "<group>";
		};
		5C87659F2A97967400AFC6A4 /* newGrub */ = {
			isa = PBXGroup;
			children = (
				5C8765A02A97967400AFC6A4 /* newGrubApp.swift */,
				5C8765A22A97967400AFC6A4 /* ContentView.swift */,
				5C8765CA2A97971200AFC6A4 /* JSONmanager.swift */,
				5C8765CE2A97973700AFC6A4 /* menu_items.json */,
				5C8765CC2A97973700AFC6A4 /* restaurants.json */,
				5C8765A42A97967600AFC6A4 /* Assets.xcassets */,
				5C8765A62A97967600AFC6A4 /* Preview Content */,
			);
			path = newGrub;
			sourceTree = "<group>";
		};
		5C8765A62A97967600AFC6A4 /* Preview Content */ = {
			isa = PBXGroup;
			children = (
				5C8765A72A97967600AFC6A4 /* Preview Assets.xcassets */,
			);
			path = "Preview Content";
			sourceTree = "<group>";
		};
		5C8765B02A97967700AFC6A4 /* newGrubTests */ = {
			isa = PBXGroup;
			children = (
				5C8765B12A97967700AFC6A4 /* newGrubTests.swift */,
			);
			path = newGrubTests;
			sourceTree = "<group>";
		};
		5C8765BA2A97967700AFC6A4 /* newGrubUITests */ = {
			isa = PBXGroup;
			children = (
				5C8765BB2A97967700AFC6A4 /* newGrubUITests.swift */,
				5C8765BD2A97967700AFC6A4 /* newGrubUITestsLaunchTests.swift */,
			);
			path = newGrubUITests;
			sourceTree = "<group>";
		};
/* End PBXGroup section */

/* Begin PBXNativeTarget section */
		5C87659C2A97967400AFC6A4 /* newGrub */ = {
			isa = PBXNativeTarget;
			buildConfigurationList = 5C8765C12A97967700AFC6A4 /* Build configuration list for PBXNativeTarget "newGrub" */;
			buildPhases = (
				5C8765992A97967400AFC6A4 /* Sources */,
				5C87659A2A97967400AFC6A4 /* Frameworks */,
				5C87659B2A97967400AFC6A4 /* Resources */,
			);
			buildRules = (
			);
			dependencies = (
			);
			name = newGrub;
			productName = newGrub;
			productReference = 5C87659D2A97967400AFC6A4 /* newGrub.app */;
			productType = "com.apple.product-type.application";
		};
		5C8765AC2A97967700AFC6A4 /* newGrubTests */ = {
			isa = PBXNativeTarget;
			buildConfigurationList = 5C8765C42A97967700AFC6A4 /* Build configuration list for PBXNativeTarget "newGrubTests" */;
			buildPhases = (
				5C8765A92A97967700AFC6A4 /* Sources */,
				5C8765AA2A97967700AFC6A4 /* Frameworks */,
				5C8765AB2A97967700AFC6A4 /* Resources */,
			);
			buildRules = (
			);
			dependencies = (
				5C8765AF2A97967700AFC6A4 /* PBXTargetDependency */,
			);
			name = newGrubTests;
			productName = newGrubTests;
			productReference = 5C8765AD2A97967700AFC6A4 /* newGrubTests.xctest */;
			productType = "com.apple.product-type.bundle.unit-test";
		};
		5C8765B62A97967700AFC6A4 /* newGrubUITests */ = {
			isa = PBXNativeTarget;
			buildConfigurationList = 5C8765C72A97967700AFC6A4 /* Build configuration list for PBXNativeTarget "newGrubUITests" */;
			buildPhases = (
				5C8765B32A97967700AFC6A4 /* Sources */,
				5C8765B42A97967700AFC6A4 /* Frameworks */,
				5C8765B52A97967700AFC6A4 /* Resources */,
			);
			buildRules = (
			);
			dependencies = (
				5C8765B92A97967700AFC6A4 /* PBXTargetDependency */,
			);
			name = newGrubUITests;
			productName = newGrubUITests;
			productReference = 5C8765B72A97967700AFC6A4 /* newGrubUITests.xctest */;
			productType = "com.apple.product-type.bundle.ui-testing";
		};
/* End PBXNativeTarget section */

/* Begin PBXProject section */
		5C8765952A97967400AFC6A4 /* Project object */ = {
			isa = PBXProject;
			attributes = {
				BuildIndependentTargetsInParallel = 1;
				LastSwiftUpdateCheck = 1430;
				LastUpgradeCheck = 1430;
				TargetAttributes = {
					5C87659C2A97967400AFC6A4 = {
						CreatedOnToolsVersion = 14.3;
					};
					5C8765AC2A97967700AFC6A4 = {
						CreatedOnToolsVersion = 14.3;
						TestTargetID = 5C87659C2A97967400AFC6A4;
					};
					5C8765B62A97967700AFC6A4 = {
						CreatedOnToolsVersion = 14.3;
						TestTargetID = 5C87659C2A97967400AFC6A4;
					};
				};
			};
			buildConfigurationList = 5C8765982A97967400AFC6A4 /* Build configuration list for PBXProject "newGrub" */;
			compatibilityVersion = "Xcode 14.0";
			developmentRegion = en;
			hasScannedForEncodings = 0;
			knownRegions = (
				en,
				Base,
			);
			mainGroup = 5C8765942A97967400AFC6A4;
			productRefGroup = 5C87659E2A97967400AFC6A4 /* Products */;
			projectDirPath = "";
			projectRoot = "";
			targets = (
				5C87659C2A97967400AFC6A4 /* newGrub */,
				5C8765AC2A97967700AFC6A4 /* newGrubTests */,
				5C8765B62A97967700AFC6A4 /* newGrubUITests */,
			);
		};
/* End PBXProject section */

/* Begin PBXResourcesBuildPhase section */
		5C87659B2A97967400AFC6A4 /* Resources */ = {
			isa = PBXResourcesBuildPhase;
			buildActionMask = 2147483647;
			files = (
				5C8765A82A97967600AFC6A4 /* Preview Assets.xcassets in Resources */,
				5C8765D12A97973700AFC6A4 /* menu_items.json in Resources */,
				5C8765CF2A97973700AFC6A4 /* restaurants.json in Resources */,
				5C8765A52A97967600AFC6A4 /* Assets.xcassets in Resources */,
			);
			runOnlyForDeploymentPostprocessing = 0;
		};
		5C8765AB2A97967700AFC6A4 /* Resources */ = {
			isa = PBXResourcesBuildPhase;
			buildActionMask = 2147483647;
			files = (
			);
			runOnlyForDeploymentPostprocessing = 0;
		};
		5C8765B52A97967700AFC6A4 /* Resources */ = {
			isa = PBXResourcesBuildPhase;
			buildActionMask = 2147483647;
			files = (
			);
			runOnlyForDeploymentPostprocessing = 0;
		};
/* End PBXResourcesBuildPhase section */

/* Begin PBXSourcesBuildPhase section */
		5C8765992A97967400AFC6A4 /* Sources */ = {
			isa = PBXSourcesBuildPhase;
			buildActionMask = 2147483647;
			files = (
				5C8765CB2A97971200AFC6A4 /* JSONmanager.swift in Sources */,
				5C8765A32A97967400AFC6A4 /* ContentView.swift in Sources */,
				5C8765A12A97967400AFC6A4 /* newGrubApp.swift in Sources */,
			);
			runOnlyForDeploymentPostprocessing = 0;
		};
		5C8765A92A97967700AFC6A4 /* Sources */ = {
			isa = PBXSourcesBuildPhase;
			buildActionMask = 2147483647;
			files = (
				5C8765B22A97967700AFC6A4 /* newGrubTests.swift in Sources */,
			);
			runOnlyForDeploymentPostprocessing = 0;
		};
		5C8765B32A97967700AFC6A4 /* Sources */ = {
			isa = PBXSourcesBuildPhase;
			buildActionMask = 2147483647;
			files = (
				5C8765BC2A97967700AFC6A4 /* newGrubUITests.swift in Sources */,
				5C8765BE2A97967700AFC6A4 /* newGrubUITestsLaunchTests.swift in Sources */,
			);
			runOnlyForDeploymentPostprocessing = 0;
		};
/* End PBXSourcesBuildPhase section */

/* Begin PBXTargetDependency section */
		5C8765AF2A97967700AFC6A4 /* PBXTargetDependency */ = {
			isa = PBXTargetDependency;
			target = 5C87659C2A97967400AFC6A4 /* newGrub */;
			targetProxy = 5C8765AE2A97967700AFC6A4 /* PBXContainerItemProxy */;
		};
		5C8765B92A97967700AFC6A4 /* PBXTargetDependency */ = {
			isa = PBXTargetDependency;
			target = 5C87659C2A97967400AFC6A4 /* newGrub */;
			targetProxy = 5C8765B82A97967700AFC6A4 /* PBXContainerItemProxy */;
		};
/* End PBXTargetDependency section */

/* Begin XCBuildConfiguration section */
		5C8765BF2A97967700AFC6A4 /* Debug */ = {
			isa = XCBuildConfiguration;
			buildSettings = {
				ALWAYS_SEARCH_USER_PATHS = NO;
				CLANG_ANALYZER_NONNULL = YES;
				CLANG_ANALYZER_NUMBER_OBJECT_CONVERSION = YES_AGGRESSIVE;
				CLANG_CXX_LANGUAGE_STANDARD = "gnu++20";
				CLANG_ENABLE_MODULES = YES;
				CLANG_ENABLE_OBJC_ARC = YES;
				CLANG_ENABLE_OBJC_WEAK = YES;
				CLANG_WARN_BLOCK_CAPTURE_AUTORELEASING = YES;
				CLANG_WARN_BOOL_CONVERSION = YES;
				CLANG_WARN_COMMA = YES;
				CLANG_WARN_CONSTANT_CONVERSION = YES;
				CLANG_WARN_DEPRECATED_OBJC_IMPLEMENTATIONS = YES;
				CLANG_WARN_DIRECT_OBJC_ISA_USAGE = YES_ERROR;
				CLANG_WARN_DOCUMENTATION_COMMENTS = YES;
				CLANG_WARN_EMPTY_BODY = YES;
				CLANG_WARN_ENUM_CONVERSION = YES;
				CLANG_WARN_INFINITE_RECURSION = YES;
				CLANG_WARN_INT_CONVERSION = YES;
				CLANG_WARN_NON_LITERAL_NULL_CONVERSION = YES;
				CLANG_WARN_OBJC_IMPLICIT_RETAIN_SELF = YES;
				CLANG_WARN_OBJC_LITERAL_CONVERSION = YES;
				CLANG_WARN_OBJC_ROOT_CLASS = YES_ERROR;
				CLANG_WARN_QUOTED_INCLUDE_IN_FRAMEWORK_HEADER = YES;
				CLANG_WARN_RANGE_LOOP_ANALYSIS = YES;
				CLANG_WARN_STRICT_PROTOTYPES = YES;
				CLANG_WARN_SUSPICIOUS_MOVE = YES;
				CLANG_WARN_UNGUARDED_AVAILABILITY = YES_AGGRESSIVE;
				CLANG_WARN_UNREACHABLE_CODE = YES;
				CLANG_WARN__DUPLICATE_METHOD_MATCH = YES;
				COPY_PHASE_STRIP = NO;
				DEBUG_INFORMATION_FORMAT = dwarf;
				ENABLE_STRICT_OBJC_MSGSEND = YES;
				ENABLE_TESTABILITY = YES;
				GCC_C_LANGUAGE_STANDARD = gnu11;
				GCC_DYNAMIC_NO_PIC = NO;
				GCC_NO_COMMON_BLOCKS = YES;
				GCC_OPTIMIZATION_LEVEL = 0;
				GCC_PREPROCESSOR_DEFINITIONS = (
					"DEBUG=1",
					"$(inherited)",
				);
				GCC_WARN_64_TO_32_BIT_CONVERSION = YES;
				GCC_WARN_ABOUT_RETURN_TYPE = YES_ERROR;
				GCC_WARN_UNDECLARED_SELECTOR = YES;
				GCC_WARN_UNINITIALIZED_AUTOS = YES_AGGRESSIVE;
				GCC_WARN_UNUSED_FUNCTION = YES;
				GCC_WARN_UNUSED_VARIABLE = YES;
				IPHONEOS_DEPLOYMENT_TARGET = 16.4;
				MTL_ENABLE_DEBUG_INFO = INCLUDE_SOURCE;
				MTL_FAST_MATH = YES;
				ONLY_ACTIVE_ARCH = YES;
				SDKROOT = iphoneos;
				SWIFT_ACTIVE_COMPILATION_CONDITIONS = DEBUG;
				SWIFT_OPTIMIZATION_LEVEL = "-Onone";
			};
			name = Debug;
		};
		5C8765C02A97967700AFC6A4 /* Release */ = {
			isa = XCBuildConfiguration;
			buildSettings = {
				ALWAYS_SEARCH_USER_PATHS = NO;
				CLANG_ANALYZER_NONNULL = YES;
				CLANG_ANALYZER_NUMBER_OBJECT_CONVERSION = YES_AGGRESSIVE;
				CLANG_CXX_LANGUAGE_STANDARD = "gnu++20";
				CLANG_ENABLE_MODULES = YES;
				CLANG_ENABLE_OBJC_ARC = YES;
				CLANG_ENABLE_OBJC_WEAK = YES;
				CLANG_WARN_BLOCK_CAPTURE_AUTORELEASING = YES;
				CLANG_WARN_BOOL_CONVERSION = YES;
				CLANG_WARN_COMMA = YES;
				CLANG_WARN_CONSTANT_CONVERSION = YES;
				CLANG_WARN_DEPRECATED_OBJC_IMPLEMENTATIONS = YES;
				CLANG_WARN_DIRECT_OBJC_ISA_USAGE = YES_ERROR;
				CLANG_WARN_DOCUMENTATION_COMMENTS = YES;
				CLANG_WARN_EMPTY_BODY = YES;
				CLANG_WARN_ENUM_CONVERSION = YES;
				CLANG_WARN_INFINITE_RECURSION = YES;
				CLANG_WARN_INT_CONVERSION = YES;
				CLANG_WARN_NON_LITERAL_NULL_CONVERSION = YES;
				CLANG_WARN_OBJC_IMPLICIT_RETAIN_SELF = YES;
				CLANG_WARN_OBJC_LITERAL_CONVERSION = YES;
				CLANG_WARN_OBJC_ROOT_CLASS = YES_ERROR;
				CLANG_WARN_QUOTED_INCLUDE_IN_FRAMEWORK_HEADER = YES;
				CLANG_WARN_RANGE_LOOP_ANALYSIS = YES;
				CLANG_WARN_STRICT_PROTOTYPES = YES;
				CLANG_WARN_SUSPICIOUS_MOVE = YES;
				CLANG_WARN_UNGUARDED_AVAILABILITY = YES_AGGRESSIVE;
				CLANG_WARN_UNREACHABLE_CODE = YES;
				CLANG_WARN__DUPLICATE_METHOD_MATCH = YES;
				COPY_PHASE_STRIP = NO;
				DEBUG_INFORMATION_FORMAT = "dwarf-with-dsym";
				ENABLE_NS_ASSERTIONS = NO;
				ENABLE_STRICT_OBJC_MSGSEND = YES;
				GCC_C_LANGUAGE_STANDARD = gnu11;
				GCC_NO_COMMON_BLOCKS = YES;
				GCC_WARN_64_TO_32_BIT_CONVERSION = YES;
				GCC_WARN_ABOUT_RETURN_TYPE = YES_ERROR;
				GCC_WARN_UNDECLARED_SELECTOR = YES;
				GCC_WARN_UNINITIALIZED_AUTOS = YES_AGGRESSIVE;
				GCC_WARN_UNUSED_FUNCTION = YES;
				GCC_WARN_UNUSED_VARIABLE = YES;
				IPHONEOS_DEPLOYMENT_TARGET = 16.4;
				MTL_ENABLE_DEBUG_INFO = NO;
				MTL_FAST_MATH = YES;
				SDKROOT = iphoneos;
				SWIFT_COMPILATION_MODE = wholemodule;
				SWIFT_OPTIMIZATION_LEVEL = "-O";
				VALIDATE_PRODUCT = YES;
			};
			name = Release;
		};
		5C8765C22A97967700AFC6A4 /* Debug */ = {
			isa = XCBuildConfiguration;
			buildSettings = {
				ASSETCATALOG_COMPILER_APPICON_NAME = AppIcon;
				ASSETCATALOG_COMPILER_GLOBAL_ACCENT_COLOR_NAME = AccentColor;
				CODE_SIGN_STYLE = Automatic;
				CURRENT_PROJECT_VERSION = 1;
				DEVELOPMENT_ASSET_PATHS = "\"newGrub/Preview Content\"";
				ENABLE_PREVIEWS = YES;
				GENERATE_INFOPLIST_FILE = YES;
				INFOPLIST_KEY_UIApplicationSceneManifest_Generation = YES;
				INFOPLIST_KEY_UIApplicationSupportsIndirectInputEvents = YES;
				INFOPLIST_KEY_UILaunchScreen_Generation = YES;
				INFOPLIST_KEY_UISupportedInterfaceOrientations_iPad = "UIInterfaceOrientationPortrait UIInterfaceOrientationPortraitUpsideDown UIInterfaceOrientationLandscapeLeft UIInterfaceOrientationLandscapeRight";
				INFOPLIST_KEY_UISupportedInterfaceOrientations_iPhone = "UIInterfaceOrientationPortrait UIInterfaceOrientationLandscapeLeft UIInterfaceOrientationLandscapeRight";
				LD_RUNPATH_SEARCH_PATHS = (
					"$(inherited)",
					"@executable_path/Frameworks",
				);
				MARKETING_VERSION = 1.0;
				PRODUCT_BUNDLE_IDENTIFIER = com.kurty.newGrub;
				PRODUCT_NAME = "$(TARGET_NAME)";
				SWIFT_EMIT_LOC_STRINGS = YES;
				SWIFT_VERSION = 5.0;
				TARGETED_DEVICE_FAMILY = "1,2";
			};
			name = Debug;
		};
		5C8765C32A97967700AFC6A4 /* Release */ = {
			isa = XCBuildConfiguration;
			buildSettings = {
				ASSETCATALOG_COMPILER_APPICON_NAME = AppIcon;
				ASSETCATALOG_COMPILER_GLOBAL_ACCENT_COLOR_NAME = AccentColor;
				CODE_SIGN_STYLE = Automatic;
				CURRENT_PROJECT_VERSION = 1;
				DEVELOPMENT_ASSET_PATHS = "\"newGrub/Preview Content\"";
				ENABLE_PREVIEWS = YES;
				GENERATE_INFOPLIST_FILE = YES;
				INFOPLIST_KEY_UIApplicationSceneManifest_Generation = YES;
				INFOPLIST_KEY_UIApplicationSupportsIndirectInputEvents = YES;
				INFOPLIST_KEY_UILaunchScreen_Generation = YES;
				INFOPLIST_KEY_UISupportedInterfaceOrientations_iPad = "UIInterfaceOrientationPortrait UIInterfaceOrientationPortraitUpsideDown UIInterfaceOrientationLandscapeLeft UIInterfaceOrientationLandscapeRight";
				INFOPLIST_KEY_UISupportedInterfaceOrientations_iPhone = "UIInterfaceOrientationPortrait UIInterfaceOrientationLandscapeLeft UIInterfaceOrientationLandscapeRight";
				LD_RUNPATH_SEARCH_PATHS = (
					"$(inherited)",
					"@executable_path/Frameworks",
				);
				MARKETING_VERSION = 1.0;
				PRODUCT_BUNDLE_IDENTIFIER = com.kurty.newGrub;
				PRODUCT_NAME = "$(TARGET_NAME)";
				SWIFT_EMIT_LOC_STRINGS = YES;
				SWIFT_VERSION = 5.0;
				TARGETED_DEVICE_FAMILY = "1,2";
			};
			name = Release;
		};
		5C8765C52A97967700AFC6A4 /* Debug */ = {
			isa = XCBuildConfiguration;
			buildSettings = {
				ALWAYS_EMBED_SWIFT_STANDARD_LIBRARIES = YES;
				BUNDLE_LOADER = "$(TEST_HOST)";
				CODE_SIGN_STYLE = Automatic;
				CURRENT_PROJECT_VERSION = 1;
				GENERATE_INFOPLIST_FILE = YES;
				IPHONEOS_DEPLOYMENT_TARGET = 16.4;
				MARKETING_VERSION = 1.0;
				PRODUCT_BUNDLE_IDENTIFIER = com.kurty.newGrubTests;
				PRODUCT_NAME = "$(TARGET_NAME)";
				SWIFT_EMIT_LOC_STRINGS = NO;
				SWIFT_VERSION = 5.0;
				TARGETED_DEVICE_FAMILY = "1,2";
				TEST_HOST = "$(BUILT_PRODUCTS_DIR)/newGrub.app/$(BUNDLE_EXECUTABLE_FOLDER_PATH)/newGrub";
			};
			name = Debug;
		};
		5C8765C62A97967700AFC6A4 /* Release */ = {
			isa = XCBuildConfiguration;
			buildSettings = {
				ALWAYS_EMBED_SWIFT_STANDARD_LIBRARIES = YES;
				BUNDLE_LOADER = "$(TEST_HOST)";
				CODE_SIGN_STYLE = Automatic;
				CURRENT_PROJECT_VERSION = 1;
				GENERATE_INFOPLIST_FILE = YES;
				IPHONEOS_DEPLOYMENT_TARGET = 16.4;
				MARKETING_VERSION = 1.0;
				PRODUCT_BUNDLE_IDENTIFIER = com.kurty.newGrubTests;
				PRODUCT_NAME = "$(TARGET_NAME)";
				SWIFT_EMIT_LOC_STRINGS = NO;
				SWIFT_VERSION = 5.0;
				TARGETED_DEVICE_FAMILY = "1,2";
				TEST_HOST = "$(BUILT_PRODUCTS_DIR)/newGrub.app/$(BUNDLE_EXECUTABLE_FOLDER_PATH)/newGrub";
			};
			name = Release;
		};
		5C8765C82A97967700AFC6A4 /* Debug */ = {
			isa = XCBuildConfiguration;
			buildSettings = {
				ALWAYS_EMBED_SWIFT_STANDARD_LIBRARIES = YES;
				CODE_SIGN_STYLE = Automatic;
				CURRENT_PROJECT_VERSION = 1;
				GENERATE_INFOPLIST_FILE = YES;
				MARKETING_VERSION = 1.0;
				PRODUCT_BUNDLE_IDENTIFIER = com.kurty.newGrubUITests;
				PRODUCT_NAME = "$(TARGET_NAME)";
				SWIFT_EMIT_LOC_STRINGS = NO;
				SWIFT_VERSION = 5.0;
				TARGETED_DEVICE_FAMILY = "1,2";
				TEST_TARGET_NAME = newGrub;
			};
			name = Debug;
		};
		5C8765C92A97967700AFC6A4 /* Release */ = {
			isa = XCBuildConfiguration;
			buildSettings = {
				ALWAYS_EMBED_SWIFT_STANDARD_LIBRARIES = YES;
				CODE_SIGN_STYLE = Automatic;
				CURRENT_PROJECT_VERSION = 1;
				GENERATE_INFOPLIST_FILE = YES;
				MARKETING_VERSION = 1.0;
				PRODUCT_BUNDLE_IDENTIFIER = com.kurty.newGrubUITests;
				PRODUCT_NAME = "$(TARGET_NAME)";
				SWIFT_EMIT_LOC_STRINGS = NO;
				SWIFT_VERSION = 5.0;
				TARGETED_DEVICE_FAMILY = "1,2";
				TEST_TARGET_NAME = newGrub;
			};
			name = Release;
		};
/* End XCBuildConfiguration section */

/* Begin XCConfigurationList section */
		5C8765982A97967400AFC6A4 /* Build configuration list for PBXProject "newGrub" */ = {
			isa = XCConfigurationList;
			buildConfigurations = (
				5C8765BF2A97967700AFC6A4 /* Debug */,
				5C8765C02A97967700AFC6A4 /* Release */,
			);
			defaultConfigurationIsVisible = 0;
			defaultConfigurationName = Release;
		};
		5C8765C12A97967700AFC6A4 /* Build configuration list for PBXNativeTarget "newGrub" */ = {
			isa = XCConfigurationList;
			buildConfigurations = (
				5C8765C22A97967700AFC6A4 /* Debug */,
				5C8765C32A97967700AFC6A4 /* Release */,
			);
			defaultConfigurationIsVisible = 0;
			defaultConfigurationName = Release;
		};
		5C8765C42A97967700AFC6A4 /* Build configuration list for PBXNativeTarget "newGrubTests" */ = {
			isa = XCConfigurationList;
			buildConfigurations = (
				5C8765C52A97967700AFC6A4 /* Debug */,
				5C8765C62A97967700AFC6A4 /* Release */,
			);
			defaultConfigurationIsVisible = 0;
			defaultConfigurationName = Release;
		};
		5C8765C72A97967700AFC6A4 /* Build configuration list for PBXNativeTarget "newGrubUITests" */ = {
			isa = XCConfigurationList;
			buildConfigurations = (
				5C8765C82A97967700AFC6A4 /* Debug */,
				5C8765C92A97967700AFC6A4 /* Release */,
			);
			defaultConfigurationIsVisible = 0;
			defaultConfigurationName = Release;
		};
/* End XCConfigurationList section */
	};
	rootObject = 5C8765952A97967400AFC6A4 /* Project object */;
}
